
Microsoft Visual Studio Solution File, Format Version 12.00
# Visual Studio 15
VisualStudioVersion = 15.0.28307.168
MinimumVisualStudioVersion = 10.0.40219.1
Project("{FAE04EC0-301F-11D3-BF4B-00C04F79EFBC}") = "FebGame", "FebGame\FebGame.csproj", "{095F9F34-E329-4041-8C15-164FB5962993}"
EndProject
Global
	GlobalSection(SolutionConfigurationPlatforms) = preSolution
		Debug|Any CPU = Debug|Any CPU
		Release|Any CPU = Release|Any CPU
	EndGlobalSection
	GlobalSection(ProjectConfigurationPlatforms) = postSolution
		{095F9F34-E329-4041-8C15-164FB5962993}.Debug|Any CPU.ActiveCfg = Debug|Any CPU
		{095F9F34-E329-4041-8C15-164FB5962993}.Debug|Any CPU.Build.0 = Debug|Any CPU
		{095F9F34-E329-4041-8C15-164FB5962993}.Release|Any CPU.ActiveCfg = Release|Any CPU
		{095F9F34-E329-4041-8C15-164FB5962993}.Release|Any CPU.Build.0 = Release|Any CPU
	EndGlobalSection
	GlobalSection(SolutionProperties) = preSolution
		HideSolutionNode = FALSE
	EndGlobalSection
	GlobalSection(ExtensibilityGlobals) = postSolution
		SolutionGuid = {C58B72A3-D76E-4AD1-80D3-D841B21ACE9A}
	EndGlobalSection
EndGlobal
